{
  "version": 1,
  "dependencies": {
    "native,Version=v0.0": {
      "WixToolset.Firewall.wixext": {
        "type": "Direct",
        "requested": "[6.0.2, )",
        "resolved": "6.0.2",
        "contentHash": "teqswWqGN1B/YyrggFrECCGR9UAH/ERcxwg4088tNOpd/8I2SM5TNx8py97WOHtRzYu2wnFz/CytwPTY0e5nAA=="
      },
      "WixToolset.UI.wixext": {
        "type": "Direct",
        "requested": "[6.0.2, )",
        "resolved": "6.0.2",
        "contentHash": "1Hq+Kp4WTb9TLRLRpv/iGod6MnNadz1ZrmY1USS6SL/WVxFuiBvQVGGLXrcdQld9J7oVWCZ8k9eMFtaYJOJ5AQ=="
      }
    }
  }
}